
Microsoft Visual Studio Solution File, Format Version 12.00
Project("{FAE04EC0-301F-11D3-BF4B-00C04F79EFBC}") = "MinimalAPIs", "MinimalAPIs.csproj", "{B49D0AE1-2B76-4544-8C99-1C560754E5F9}"
EndProject
Global
	GlobalSection(SolutionConfigurationPlatforms) = preSolution
		Debug|Any CPU = Debug|Any CPU
		Release|Any CPU = Release|Any CPU
	EndGlobalSection
	GlobalSection(ProjectConfigurationPlatforms) = postSolution
		{B49D0AE1-2B76-4544-8C99-1C560754E5F9}.Debug|Any CPU.ActiveCfg = Debug|Any CPU
		{B49D0AE1-2B76-4544-8C99-1C560754E5F9}.Debug|Any CPU.Build.0 = Debug|Any CPU
		{B49D0AE1-2B76-4544-8C99-1C560754E5F9}.Release|Any CPU.ActiveCfg = Release|Any CPU
		{B49D0AE1-2B76-4544-8C99-1C560754E5F9}.Release|Any CPU.Build.0 = Release|Any CPU
	EndGlobalSection
EndGlobal
